
Microsoft Visual Studio Solution File, Format Version 12.00
# Visual Studio 15
VisualStudioVersion = 15.0.28307.136
MinimumVisualStudioVersion = 10.0.40219.1
Project("{FAE04EC0-301F-11D3-BF4B-00C04F79EFBC}") = "project cards", "project cards\project cards.csproj", "{A80F7CD5-954E-4269-BA1E-71E025E8F666}"
EndProject
Global
	GlobalSection(SolutionConfigurationPlatforms) = preSolution
		Debug|Any CPU = Debug|Any CPU
		Release|Any CPU = Release|Any CPU
	EndGlobalSection
	GlobalSection(ProjectConfigurationPlatforms) = postSolution
		{A80F7CD5-954E-4269-BA1E-71E025E8F666}.Debug|Any CPU.ActiveCfg = Debug|Any CPU
		{A80F7CD5-954E-4269-BA1E-71E025E8F666}.Debug|Any CPU.Build.0 = Debug|Any CPU
		{A80F7CD5-954E-4269-BA1E-71E025E8F666}.Release|Any CPU.ActiveCfg = Release|Any CPU
		{A80F7CD5-954E-4269-BA1E-71E025E8F666}.Release|Any CPU.Build.0 = Release|Any CPU
	EndGlobalSection
	GlobalSection(SolutionProperties) = preSolution
		HideSolutionNode = FALSE
	EndGlobalSection
	GlobalSection(ExtensibilityGlobals) = postSolution
		SolutionGuid = {330DC120-9663-4CFB-A8D6-8698D6E19B59}
	EndGlobalSection
EndGlobal
